
Microsoft Visual Studio Solution File, Format Version 12.00
# Visual Studio Version 17
VisualStudioVersion = 17.14.36414.22 d17.14
MinimumVisualStudioVersion = 10.0.40219.1
Project("{FAE04EC0-301F-11D3-BF4B-00C04F79EFBC}") = "Day03", "Day03\Day03.csproj", "{B7FB75C6-7D07-423F-9FA6-154950867581}"
EndProject
Project("{FAE04EC0-301F-11D3-BF4B-00C04F79EFBC}") = "Demo", "Demo\Demo.csproj", "{35CE3452-1E7B-4AC3-9EE6-CD15C0EF9466}"
EndProject
Global
	GlobalSection(SolutionConfigurationPlatforms) = preSolution
		Debug|Any CPU = Debug|Any CPU
		Release|Any CPU = Release|Any CPU
	EndGlobalSection
	GlobalSection(ProjectConfigurationPlatforms) = postSolution
		{B7FB75C6-7D07-423F-9FA6-154950867581}.Debug|Any CPU.ActiveCfg = Debug|Any CPU
		{B7FB75C6-7D07-423F-9FA6-154950867581}.Debug|Any CPU.Build.0 = Debug|Any CPU
		{B7FB75C6-7D07-423F-9FA6-154950867581}.Release|Any CPU.ActiveCfg = Release|Any CPU
		{B7FB75C6-7D07-423F-9FA6-154950867581}.Release|Any CPU.Build.0 = Release|Any CPU
		{35CE3452-1E7B-4AC3-9EE6-CD15C0EF9466}.Debug|Any CPU.ActiveCfg = Debug|Any CPU
		{35CE3452-1E7B-4AC3-9EE6-CD15C0EF9466}.Debug|Any CPU.Build.0 = Debug|Any CPU
		{35CE3452-1E7B-4AC3-9EE6-CD15C0EF9466}.Release|Any CPU.ActiveCfg = Release|Any CPU
		{35CE3452-1E7B-4AC3-9EE6-CD15C0EF9466}.Release|Any CPU.Build.0 = Release|Any CPU
	EndGlobalSection
	GlobalSection(SolutionProperties) = preSolution
		HideSolutionNode = FALSE
	EndGlobalSection
	GlobalSection(ExtensibilityGlobals) = postSolution
		SolutionGuid = {2EDC7921-523C-4EBD-B497-12FA79B13BA3}
	EndGlobalSection
EndGlobal
